
Microsoft Visual Studio Solution File, Format Version 12.00
# Visual Studio Version 17
VisualStudioVersion = 17.5.002.0
MinimumVisualStudioVersion = 10.0.40219.1
Project("{9A19103F-16F7-4668-BE54-9A1E7A4F7556}") = "Tests", "Tests\Tests.csproj", "{21027514-A98C-483A-82BF-8CBE376B2B9B}"
EndProject
Project("{9A19103F-16F7-4668-BE54-9A1E7A4F7556}") = "ToDoList", "ToDoList\ToDoList.csproj", "{1CD751E0-1565-47FE-94E3-0D3A70962369}"
EndProject
Global
	GlobalSection(SolutionConfigurationPlatforms) = preSolution
		Debug|Any CPU = Debug|Any CPU
		Release|Any CPU = Release|Any CPU
	EndGlobalSection
	GlobalSection(ProjectConfigurationPlatforms) = postSolution
		{21027514-A98C-483A-82BF-8CBE376B2B9B}.Debug|Any CPU.ActiveCfg = Debug|Any CPU
		{21027514-A98C-483A-82BF-8CBE376B2B9B}.Debug|Any CPU.Build.0 = Debug|Any CPU
		{21027514-A98C-483A-82BF-8CBE376B2B9B}.Release|Any CPU.ActiveCfg = Release|Any CPU
		{21027514-A98C-483A-82BF-8CBE376B2B9B}.Release|Any CPU.Build.0 = Release|Any CPU
		{1CD751E0-1565-47FE-94E3-0D3A70962369}.Debug|Any CPU.ActiveCfg = Debug|Any CPU
		{1CD751E0-1565-47FE-94E3-0D3A70962369}.Debug|Any CPU.Build.0 = Debug|Any CPU
		{1CD751E0-1565-47FE-94E3-0D3A70962369}.Release|Any CPU.ActiveCfg = Release|Any CPU
		{1CD751E0-1565-47FE-94E3-0D3A70962369}.Release|Any CPU.Build.0 = Release|Any CPU
	EndGlobalSection
	GlobalSection(SolutionProperties) = preSolution
		HideSolutionNode = FALSE
	EndGlobalSection
	GlobalSection(ExtensibilityGlobals) = postSolution
		SolutionGuid = {1AA7CF38-5649-41DC-B3DE-4C5896B9B7C1}
	EndGlobalSection
EndGlobal
